{
  "name": "Millersville-PA",
  "lockfileVersion": 3,
  "requires": true,
  "packages": {
    "": {
      "dependencies": {
        "node-ical": "^0.25.6"
      }
    },
    "node_modules/@js-temporal/polyfill": {
      "version": "0.5.1",
      "license": "ISC",
      "dependencies": {
        "jsbi": "^4.3.0"
      },
      "engines": {
        "node": ">=12"
      }
    },
    "node_modules/jsbi": {
      "version": "4.3.2",
      "license": "Apache-2.0"
    },
    "node_modules/node-ical": {
      "version": "0.25.6",
      "license": "Apache-2.0",
      "dependencies": {
        "rrule-temporal": "^1.4.7",
        "temporal-polyfill": "^0.3.0"
      },
      "engines": {
        "node": ">=18"
      }
    },
    "node_modules/rrule-temporal": {
      "version": "1.5.1",
      "license": "MIT",
      "dependencies": {
        "@js-temporal/polyfill": "^0.5.1"
      }
    },
    "node_modules/temporal-polyfill": {
      "version": "0.3.2",
      "license": "MIT",
      "dependencies": {
        "temporal-spec": "0.3.1"
      }
    },
    "node_modules/temporal-spec": {
      "version": "0.3.1",
      "license": "ISC"
    }
  }
}
